
Microsoft Visual Studio Solution File, Format Version 12.00
# Visual Studio 2013
VisualStudioVersion = 12.0.21005.1
MinimumVisualStudioVersion = 10.0.40219.1
Project("{FAE04EC0-301F-11D3-BF4B-00C04F79EFBC}") = "ContactInfoManagement", "ContactInfoManagement\ContactInfoManagement.csproj", "{FD9FEE18-3F90-4E7B-87E2-DBB81E554B8F}"
EndProject
Project("{FAE04EC0-301F-11D3-BF4B-00C04F79EFBC}") = "ContactManagement.Tests", "ContactManagement.Tests\ContactManagement.Tests.csproj", "{2748D952-91B5-481E-BC28-51473D4D3BCF}"
EndProject
Global
	GlobalSection(SolutionConfigurationPlatforms) = preSolution
		Debug|Any CPU = Debug|Any CPU
		Release|Any CPU = Release|Any CPU
	EndGlobalSection
	GlobalSection(ProjectConfigurationPlatforms) = postSolution
		{FD9FEE18-3F90-4E7B-87E2-DBB81E554B8F}.Debug|Any CPU.ActiveCfg = Debug|Any CPU
		{FD9FEE18-3F90-4E7B-87E2-DBB81E554B8F}.Debug|Any CPU.Build.0 = Debug|Any CPU
		{FD9FEE18-3F90-4E7B-87E2-DBB81E554B8F}.Release|Any CPU.ActiveCfg = Release|Any CPU
		{FD9FEE18-3F90-4E7B-87E2-DBB81E554B8F}.Release|Any CPU.Build.0 = Release|Any CPU
		{2748D952-91B5-481E-BC28-51473D4D3BCF}.Debug|Any CPU.ActiveCfg = Debug|Any CPU
		{2748D952-91B5-481E-BC28-51473D4D3BCF}.Debug|Any CPU.Build.0 = Debug|Any CPU
		{2748D952-91B5-481E-BC28-51473D4D3BCF}.Release|Any CPU.ActiveCfg = Release|Any CPU
		{2748D952-91B5-481E-BC28-51473D4D3BCF}.Release|Any CPU.Build.0 = Release|Any CPU
	EndGlobalSection
	GlobalSection(SolutionProperties) = preSolution
		HideSolutionNode = FALSE
	EndGlobalSection
EndGlobal
